
Microsoft Visual Studio Solution File, Format Version 12.00
# Visual Studio 15
VisualStudioVersion = 15.0.28307.852
MinimumVisualStudioVersion = 10.0.40219.1
Project("{FAE04EC0-301F-11D3-BF4B-00C04F79EFBC}") = "FeriaVirtual.Vista", "FeriaVirtual.Vista\FeriaVirtual.Vista.csproj", "{34FA93C5-3D5E-4B75-9394-6B35B8742AA2}"
EndProject
Project("{FAE04EC0-301F-11D3-BF4B-00C04F79EFBC}") = "FeriaVirtual.Negocio", "FeriaVirtual.Negocio\FeriaVirtual.Negocio.csproj", "{648231E9-FFBF-43B3-90D2-70025F3B4F93}"
EndProject
Global
	GlobalSection(SolutionConfigurationPlatforms) = preSolution
		Debug|Any CPU = Debug|Any CPU
		Release|Any CPU = Release|Any CPU
	EndGlobalSection
	GlobalSection(ProjectConfigurationPlatforms) = postSolution
		{34FA93C5-3D5E-4B75-9394-6B35B8742AA2}.Debug|Any CPU.ActiveCfg = Debug|Any CPU
		{34FA93C5-3D5E-4B75-9394-6B35B8742AA2}.Debug|Any CPU.Build.0 = Debug|Any CPU
		{34FA93C5-3D5E-4B75-9394-6B35B8742AA2}.Release|Any CPU.ActiveCfg = Release|Any CPU
		{34FA93C5-3D5E-4B75-9394-6B35B8742AA2}.Release|Any CPU.Build.0 = Release|Any CPU
		{648231E9-FFBF-43B3-90D2-70025F3B4F93}.Debug|Any CPU.ActiveCfg = Debug|Any CPU
		{648231E9-FFBF-43B3-90D2-70025F3B4F93}.Debug|Any CPU.Build.0 = Debug|Any CPU
		{648231E9-FFBF-43B3-90D2-70025F3B4F93}.Release|Any CPU.ActiveCfg = Release|Any CPU
		{648231E9-FFBF-43B3-90D2-70025F3B4F93}.Release|Any CPU.Build.0 = Release|Any CPU
	EndGlobalSection
	GlobalSection(SolutionProperties) = preSolution
		HideSolutionNode = FALSE
	EndGlobalSection
	GlobalSection(ExtensibilityGlobals) = postSolution
		SolutionGuid = {8DA9F094-3D86-4428-A419-D59720206B4B}
	EndGlobalSection
EndGlobal
